// !$*UTF8*$!
{
	archiveVersion = 1;
	classes = {
	};
	objectVersion = 50;
	objects = {

/* Begin PBXBuildFile section */
		110F88F72602BA3A000F0BCF /* AppDelegate.swift in Sources */ = {isa = PBXBuildFile; fileRef = 110F88F62602BA3A000F0BCF /* AppDelegate.swift */; };
		110F88F92602BA3A000F0BCF /* SceneDelegate.swift in Sources */ = {isa = PBXBuildFile; fileRef = 110F88F82602BA3A000F0BCF /* SceneDelegate.swift */; };
		110F88FB2602BA3A000F0BCF /* ViewController.swift in Sources */ = {isa = PBXBuildFile; fileRef = 110F88FA2602BA3A000F0BCF /* ViewController.swift */; };
		110F88FE2602BA3A000F0BCF /* Main.storyboard in Resources */ = {isa = PBXBuildFile; fileRef = 110F88FC2602BA3A000F0BCF /* Main.storyboard */; };
		110F89002602BA3B000F0BCF /* Assets.xcassets in Resources */ = {isa = PBXBuildFile; fileRef = 110F88FF2602BA3B000F0BCF /* Assets.xcassets */; };
		110F89032602BA3B000F0BCF /* LaunchScreen.storyboard in Resources */ = {isa = PBXBuildFile; fileRef = 110F89012602BA3B000F0BCF /* LaunchScreen.storyboard */; };
		110F89102602BBA5000F0BCF /* Inceptionv3.mlmodel in Sources */ = {isa = PBXBuildFile; fileRef = 110F890F2602BBA5000F0BCF /* Inceptionv3.mlmodel */; };
/* End PBXBuildFile section */

/* Begin PBXFileReference section */
		110F88F32602BA3A000F0BCF /* MLit.app */ = {isa = PBXFileReference; explicitFileType = wrapper.application; includeInIndex = 0; path = MLit.app; sourceTree = BUILT_PRODUCTS_DIR; };
		110F88F62602BA3A000F0BCF /* AppDelegate.swift */ = {isa = PBXFileReference; lastKnownFileType = sourcecode.swift; path = AppDelegate.swift; sourceTree = "<group>"; };
		110F88F82602BA3A000F0BCF /* SceneDelegate.swift */ = {isa = PBXFileReference; lastKnownFileType = sourcecode.swift; path = SceneDelegate.swift; sourceTree = "<group>"; };
		110F88FA2602BA3A000F0BCF /* ViewController.swift */ = {isa = PBXFileReference; lastKnownFileType = sourcecode.swift; path = ViewController.swift; sourceTree = "<group>"; };
		110F88FD2602BA3A000F0BCF /* Base */ = {isa = PBXFileReference; lastKnownFileType = file.storyboard; name = Base; path = Base.lproj/Main.storyboard; sourceTree = "<group>"; };
		110F88FF2602BA3B000F0BCF /* Assets.xcassets */ = {isa = PBXFileReference; lastKnownFileType = folder.assetcatalog; path = Assets.xcassets; sourceTree = "<group>"; };
		110F89022602BA3B000F0BCF /* Base */ = {isa = PBXFileReference; lastKnownFileType = file.storyboard; name = Base; path = Base.lproj/LaunchScreen.storyboard; sourceTree = "<group>"; };
		110F89042602BA3B000F0BCF /* Info.plist */ = {isa = PBXFileReference; lastKnownFileType = text.plist.xml; path = Info.plist; sourceTree = "<group>"; };
		110F890F2602BBA5000F0BCF /* Inceptionv3.mlmodel */ = {isa = PBXFileReference; lastKnownFileType = file.mlmodel; path = Inceptionv3.mlmodel; sourceTree = "<group>"; };
/* End PBXFileReference section */

/* Begin PBXFrameworksBuildPhase section */
		110F88F02602BA3A000F0BCF /* Frameworks */ = {
			isa = PBXFrameworksBuildPhase;
			buildActionMask = 2147483647;
			files = (
			);
			runOnlyForDeploymentPostprocessing = 0;
		};
/* End PBXFrameworksBuildPhase section */

/* Begin PBXGroup section */
		110F88EA2602BA3A000F0BCF = {
			isa = PBXGroup;
			children = (
				110F88F52602BA3A000F0BCF /* MLit */,
				110F88F42602BA3A000F0BCF /* Products */,
			);
			sourceTree = "<group>";
		};
		110F88F42602BA3A000F0BCF /* Products */ = {
			isa = PBXGroup;
			children = (
				110F88F32602BA3A000F0BCF /* MLit.app */,
			);
			name = Products;
			sourceTree = "<group>";
		};
		110F88F52602BA3A000F0BCF /* MLit */ = {
			isa = PBXGroup;
			children = (
				110F89142602BBDA000F0BCF /* Controller */,
				110F89132602BBD5000F0BCF /* View */,
				110F89122602BBD0000F0BCF /* Model */,
				110F88F62602BA3A000F0BCF /* AppDelegate.swift */,
				110F88F82602BA3A000F0BCF /* SceneDelegate.swift */,
				110F88FF2602BA3B000F0BCF /* Assets.xcassets */,
				110F89042602BA3B000F0BCF /* Info.plist */,
			);
			path = MLit;
			sourceTree = "<group>";
		};
		110F89122602BBD0000F0BCF /* Model */ = {
			isa = PBXGroup;
			children = (
				110F890F2602BBA5000F0BCF /* Inceptionv3.mlmodel */,
			);
			path = Model;
			sourceTree = "<group>";
		};
		110F89132602BBD5000F0BCF /* View */ = {
			isa = PBXGroup;
			children = (
				110F88FC2602BA3A000F0BCF /* Main.storyboard */,
				110F89012602BA3B000F0BCF /* LaunchScreen.storyboard */,
			);
			path = View;
			sourceTree = "<group>";
		};
		110F89142602BBDA000F0BCF /* Controller */ = {
			isa = PBXGroup;
			children = (
				110F88FA2602BA3A000F0BCF /* ViewController.swift */,
			);
			path = Controller;
			sourceTree = "<group>";
		};
/* End PBXGroup section */

/* Begin PBXNativeTarget section */
		110F88F22602BA3A000F0BCF /* MLit */ = {
			isa = PBXNativeTarget;
			buildConfigurationList = 110F89072602BA3B000F0BCF /* Build configuration list for PBXNativeTarget "MLit" */;
			buildPhases = (
				110F88EF2602BA3A000F0BCF /* Sources */,
				110F88F02602BA3A000F0BCF /* Frameworks */,
				110F88F12602BA3A000F0BCF /* Resources */,
			);
			buildRules = (
			);
			dependencies = (
			);
			name = MLit;
			productName = MLit;
			productReference = 110F88F32602BA3A000F0BCF /* MLit.app */;
			productType = "com.apple.product-type.application";
		};
/* End PBXNativeTarget section */

/* Begin PBXProject section */
		110F88EB2602BA3A000F0BCF /* Project object */ = {
			isa = PBXProject;
			attributes = {
				LastSwiftUpdateCheck = 1240;
				LastUpgradeCheck = 1240;
				TargetAttributes = {
					110F88F22602BA3A000F0BCF = {
						CreatedOnToolsVersion = 12.4;
					};
				};
			};
			buildConfigurationList = 110F88EE2602BA3A000F0BCF /* Build configuration list for PBXProject "MLit" */;
			compatibilityVersion = "Xcode 9.3";
			developmentRegion = en;
			hasScannedForEncodings = 0;
			knownRegions = (
				en,
				Base,
			);
			mainGroup = 110F88EA2602BA3A000F0BCF;
			productRefGroup = 110F88F42602BA3A000F0BCF /* Products */;
			projectDirPath = "";
			projectRoot = "";
			targets = (
				110F88F22602BA3A000F0BCF /* MLit */,
			);
		};
/* End PBXProject section */

/* Begin PBXResourcesBuildPhase section */
		110F88F12602BA3A000F0BCF /* Resources */ = {
			isa = PBXResourcesBuildPhase;
			buildActionMask = 2147483647;
			files = (
				110F89032602BA3B000F0BCF /* LaunchScreen.storyboard in Resources */,
				110F89002602BA3B000F0BCF /* Assets.xcassets in Resources */,
				110F88FE2602BA3A000F0BCF /* Main.storyboard in Resources */,
			);
			runOnlyForDeploymentPostprocessing = 0;
		};
/* End PBXResourcesBuildPhase section */

/* Begin PBXSourcesBuildPhase section */
		110F88EF2602BA3A000F0BCF /* Sources */ = {
			isa = PBXSourcesBuildPhase;
			buildActionMask = 2147483647;
			files = (
				110F88FB2602BA3A000F0BCF /* ViewController.swift in Sources */,
				110F89102602BBA5000F0BCF /* Inceptionv3.mlmodel in Sources */,
				110F88F72602BA3A000F0BCF /* AppDelegate.swift in Sources */,
				110F88F92602BA3A000F0BCF /* SceneDelegate.swift in Sources */,
			);
			runOnlyForDeploymentPostprocessing = 0;
		};
/* End PBXSourcesBuildPhase section */

/* Begin PBXVariantGroup section */
		110F88FC2602BA3A000F0BCF /* Main.storyboard */ = {
			isa = PBXVariantGroup;
			children = (
				110F88FD2602BA3A000F0BCF /* Base */,
			);
			name = Main.storyboard;
			sourceTree = "<group>";
		};
		110F89012602BA3B000F0BCF /* LaunchScreen.storyboard */ = {
			isa = PBXVariantGroup;
			children = (
				110F89022602BA3B000F0BCF /* Base */,
			);
			name = LaunchScreen.storyboard;
			sourceTree = "<group>";
		};
/* End PBXVariantGroup section */

/* Begin XCBuildConfiguration section */
		110F89052602BA3B000F0BCF /* Debug */ = {
			isa = XCBuildConfiguration;
			buildSettings = {
				ALWAYS_SEARCH_USER_PATHS = NO;
				CLANG_ANALYZER_NONNULL = YES;
				CLANG_ANALYZER_NUMBER_OBJECT_CONVERSION = YES_AGGRESSIVE;
				CLANG_CXX_LANGUAGE_STANDARD = "gnu++14";
				CLANG_CXX_LIBRARY = "libc++";
				CLANG_ENABLE_MODULES = YES;
				CLANG_ENABLE_OBJC_ARC = YES;
				CLANG_ENABLE_OBJC_WEAK = YES;
				CLANG_WARN_BLOCK_CAPTURE_AUTORELEASING = YES;
				CLANG_WARN_BOOL_CONVERSION = YES;
				CLANG_WARN_COMMA = YES;
				CLANG_WARN_CONSTANT_CONVERSION = YES;
				CLANG_WARN_DEPRECATED_OBJC_IMPLEMENTATIONS = YES;
				CLANG_WARN_DIRECT_OBJC_ISA_USAGE = YES_ERROR;
				CLANG_WARN_DOCUMENTATION_COMMENTS = YES;
				CLANG_WARN_EMPTY_BODY = YES;
				CLANG_WARN_ENUM_CONVERSION = YES;
				CLANG_WARN_INFINITE_RECURSION = YES;
				CLANG_WARN_INT_CONVERSION = YES;
				CLANG_WARN_NON_LITERAL_NULL_CONVERSION = YES;
				CLANG_WARN_OBJC_IMPLICIT_RETAIN_SELF = YES;
				CLANG_WARN_OBJC_LITERAL_CONVERSION = YES;
				CLANG_WARN_OBJC_ROOT_CLASS = YES_ERROR;
				CLANG_WARN_QUOTED_INCLUDE_IN_FRAMEWORK_HEADER = YES;
				CLANG_WARN_RANGE_LOOP_ANALYSIS = YES;
				CLANG_WARN_STRICT_PROTOTYPES = YES;
				CLANG_WARN_SUSPICIOUS_MOVE = YES;
				CLANG_WARN_UNGUARDED_AVAILABILITY = YES_AGGRESSIVE;
				CLANG_WARN_UNREACHABLE_CODE = YES;
				CLANG_WARN__DUPLICATE_METHOD_MATCH = YES;
				COPY_PHASE_STRIP = NO;
				DEBUG_INFORMATION_FORMAT = dwarf;
				ENABLE_STRICT_OBJC_MSGSEND = YES;
				ENABLE_TESTABILITY = YES;
				GCC_C_LANGUAGE_STANDARD = gnu11;
				GCC_DYNAMIC_NO_PIC = NO;
				GCC_NO_COMMON_BLOCKS = YES;
				GCC_OPTIMIZATION_LEVEL = 0;
				GCC_PREPROCESSOR_DEFINITIONS = (
					"DEBUG=1",
					"$(inherited)",
				);
				GCC_WARN_64_TO_32_BIT_CONVERSION = YES;
				GCC_WARN_ABOUT_RETURN_TYPE = YES_ERROR;
				GCC_WARN_UNDECLARED_SELECTOR = YES;
				GCC_WARN_UNINITIALIZED_AUTOS = YES_AGGRESSIVE;
				GCC_WARN_UNUSED_FUNCTION = YES;
				GCC_WARN_UNUSED_VARIABLE = YES;
				IPHONEOS_DEPLOYMENT_TARGET = 14.4;
				MTL_ENABLE_DEBUG_INFO = INCLUDE_SOURCE;
				MTL_FAST_MATH = YES;
				ONLY_ACTIVE_ARCH = YES;
				SDKROOT = iphoneos;
				SWIFT_ACTIVE_COMPILATION_CONDITIONS = DEBUG;
				SWIFT_OPTIMIZATION_LEVEL = "-Onone";
			};
			name = Debug;
		};
		110F89062602BA3B000F0BCF /* Release */ = {
			isa = XCBuildConfiguration;
			buildSettings = {
				ALWAYS_SEARCH_USER_PATHS = NO;
				CLANG_ANALYZER_NONNULL = YES;
				CLANG_ANALYZER_NUMBER_OBJECT_CONVERSION = YES_AGGRESSIVE;
				CLANG_CXX_LANGUAGE_STANDARD = "gnu++14";
				CLANG_CXX_LIBRARY = "libc++";
				CLANG_ENABLE_MODULES = YES;
				CLANG_ENABLE_OBJC_ARC = YES;
				CLANG_ENABLE_OBJC_WEAK = YES;
				CLANG_WARN_BLOCK_CAPTURE_AUTORELEASING = YES;
				CLANG_WARN_BOOL_CONVERSION = YES;
				CLANG_WARN_COMMA = YES;
				CLANG_WARN_CONSTANT_CONVERSION = YES;
				CLANG_WARN_DEPRECATED_OBJC_IMPLEMENTATIONS = YES;
				CLANG_WARN_DIRECT_OBJC_ISA_USAGE = YES_ERROR;
				CLANG_WARN_DOCUMENTATION_COMMENTS = YES;
				CLANG_WARN_EMPTY_BODY = YES;
				CLANG_WARN_ENUM_CONVERSION = YES;
				CLANG_WARN_INFINITE_RECURSION = YES;
				CLANG_WARN_INT_CONVERSION = YES;
				CLANG_WARN_NON_LITERAL_NULL_CONVERSION = YES;
				CLANG_WARN_OBJC_IMPLICIT_RETAIN_SELF = YES;
				CLANG_WARN_OBJC_LITERAL_CONVERSION = YES;
				CLANG_WARN_OBJC_ROOT_CLASS = YES_ERROR;
				CLANG_WARN_QUOTED_INCLUDE_IN_FRAMEWORK_HEADER = YES;
				CLANG_WARN_RANGE_LOOP_ANALYSIS = YES;
				CLANG_WARN_STRICT_PROTOTYPES = YES;
				CLANG_WARN_SUSPICIOUS_MOVE = YES;
				CLANG_WARN_UNGUARDED_AVAILABILITY = YES_AGGRESSIVE;
				CLANG_WARN_UNREACHABLE_CODE = YES;
				CLANG_WARN__DUPLICATE_METHOD_MATCH = YES;
				COPY_PHASE_STRIP = NO;
				DEBUG_INFORMATION_FORMAT = "dwarf-with-dsym";
				ENABLE_NS_ASSERTIONS = NO;
				ENABLE_STRICT_OBJC_MSGSEND = YES;
				GCC_C_LANGUAGE_STANDARD = gnu11;
				GCC_NO_COMMON_BLOCKS = YES;
				GCC_WARN_64_TO_32_BIT_CONVERSION = YES;
				GCC_WARN_ABOUT_RETURN_TYPE = YES_ERROR;
				GCC_WARN_UNDECLARED_SELECTOR = YES;
				GCC_WARN_UNINITIALIZED_AUTOS = YES_AGGRESSIVE;
				GCC_WARN_UNUSED_FUNCTION = YES;
				GCC_WARN_UNUSED_VARIABLE = YES;
				IPHONEOS_DEPLOYMENT_TARGET = 14.4;
				MTL_ENABLE_DEBUG_INFO = NO;
				MTL_FAST_MATH = YES;
				SDKROOT = iphoneos;
				SWIFT_COMPILATION_MODE = wholemodule;
				SWIFT_OPTIMIZATION_LEVEL = "-O";
				VALIDATE_PRODUCT = YES;
			};
			name = Release;
		};
		110F89082602BA3B000F0BCF /* Debug */ = {
			isa = XCBuildConfiguration;
			buildSettings = {
				ASSETCATALOG_COMPILER_APPICON_NAME = AppIcon;
				ASSETCATALOG_COMPILER_GLOBAL_ACCENT_COLOR_NAME = AccentColor;
				CODE_SIGN_STYLE = Automatic;
				DEVELOPMENT_TEAM = BAC889C4V8;
				INFOPLIST_FILE = MLit/Info.plist;
				LD_RUNPATH_SEARCH_PATHS = (
					"$(inherited)",
					"@executable_path/Frameworks",
				);
				PRODUCT_BUNDLE_IDENTIFIER = "com.design-and-development.MLit";
				PRODUCT_NAME = "$(TARGET_NAME)";
				SWIFT_VERSION = 5.0;
				TARGETED_DEVICE_FAMILY = "1,2";
			};
			name = Debug;
		};
		110F89092602BA3B000F0BCF /* Release */ = {
			isa = XCBuildConfiguration;
			buildSettings = {
				ASSETCATALOG_COMPILER_APPICON_NAME = AppIcon;
				ASSETCATALOG_COMPILER_GLOBAL_ACCENT_COLOR_NAME = AccentColor;
				CODE_SIGN_STYLE = Automatic;
				DEVELOPMENT_TEAM = BAC889C4V8;
				INFOPLIST_FILE = MLit/Info.plist;
				LD_RUNPATH_SEARCH_PATHS = (
					"$(inherited)",
					"@executable_path/Frameworks",
				);
				PRODUCT_BUNDLE_IDENTIFIER = "com.design-and-development.MLit";
				PRODUCT_NAME = "$(TARGET_NAME)";
				SWIFT_VERSION = 5.0;
				TARGETED_DEVICE_FAMILY = "1,2";
			};
			name = Release;
		};
/* End XCBuildConfiguration section */

/* Begin XCConfigurationList section */
		110F88EE2602BA3A000F0BCF /* Build configuration list for PBXProject "MLit" */ = {
			isa = XCConfigurationList;
			buildConfigurations = (
				110F89052602BA3B000F0BCF /* Debug */,
				110F89062602BA3B000F0BCF /* Release */,
			);
			defaultConfigurationIsVisible = 0;
			defaultConfigurationName = Release;
		};
		110F89072602BA3B000F0BCF /* Build configuration list for PBXNativeTarget "MLit" */ = {
			isa = XCConfigurationList;
			buildConfigurations = (
				110F89082602BA3B000F0BCF /* Debug */,
				110F89092602BA3B000F0BCF /* Release */,
			);
			defaultConfigurationIsVisible = 0;
			defaultConfigurationName = Release;
		};
/* End XCConfigurationList section */
	};
	rootObject = 110F88EB2602BA3A000F0BCF /* Project object */;
}
